
Microsoft Visual Studio Solution File, Format Version 12.00
# Visual Studio 15
VisualStudioVersion = 15.0.26730.16
MinimumVisualStudioVersion = 10.0.40219.1
Project("{FAE04EC0-301F-11D3-BF4B-00C04F79EFBC}") = "HashCash", "HashCash\HashCash.csproj", "{84D99204-721F-4CF5-9963-65C8FC0210D0}"
EndProject
Global
	GlobalSection(SolutionConfigurationPlatforms) = preSolution
		Debug|Any CPU = Debug|Any CPU
		Release|Any CPU = Release|Any CPU
	EndGlobalSection
	GlobalSection(ProjectConfigurationPlatforms) = postSolution
		{84D99204-721F-4CF5-9963-65C8FC0210D0}.Debug|Any CPU.ActiveCfg = Debug|Any CPU
		{84D99204-721F-4CF5-9963-65C8FC0210D0}.Debug|Any CPU.Build.0 = Debug|Any CPU
		{84D99204-721F-4CF5-9963-65C8FC0210D0}.Release|Any CPU.ActiveCfg = Release|Any CPU
		{84D99204-721F-4CF5-9963-65C8FC0210D0}.Release|Any CPU.Build.0 = Release|Any CPU
	EndGlobalSection
	GlobalSection(SolutionProperties) = preSolution
		HideSolutionNode = FALSE
	EndGlobalSection
	GlobalSection(ExtensibilityGlobals) = postSolution
		SolutionGuid = {E1C55984-3666-4B1E-84A8-06333D942A61}
	EndGlobalSection
EndGlobal
